
Microsoft Visual Studio Solution File, Format Version 12.00
# Visual Studio Version 16
VisualStudioVersion = 16.0.29424.173
MinimumVisualStudioVersion = 15.0.26124.0
Project("{E53339B2-1760-4266-BCC7-CA923CBCF16C}") = "docker-compose", "docker-compose.dcproj", "{F817047F-018D-4F93-BDA5-58602073B634}"
EndProject
Project("{2150E333-8FDC-42A3-9474-1A3956D46DE8}") = "src", "src", "{DB2F366D-18B6-4FCC-A28A-92D0268920BD}"
EndProject
Project("{FAE04EC0-301F-11D3-BF4B-00C04F79EFBC}") = "WebBase.IDP.Admin", "src\WebBase.IDP.Admin\WebBase.IDP.Admin.csproj", "{7D98292F-805B-4B9B-93FA-3AA3D8388D2A}"
EndProject
Project("{FAE04EC0-301F-11D3-BF4B-00C04F79EFBC}") = "WebBase.IDP.STS.Identity", "src\WebBase.IDP.STS.Identity\WebBase.IDP.STS.Identity.csproj", "{16DEB23F-F5C5-4675-978E-94D8FBE55D7D}"
EndProject
Project("{FAE04EC0-301F-11D3-BF4B-00C04F79EFBC}") = "WebBase.IDP.Admin.Api", "src\WebBase.IDP.Admin.Api\WebBase.IDP.Admin.Api.csproj", "{4F153119-EA0B-4698-8B9B-6A2BC4E922A7}"
EndProject
Project("{FAE04EC0-301F-11D3-BF4B-00C04F79EFBC}") = "WebBase.IDP.Admin.EntityFramework.Shared", "src\WebBase.IDP.Admin.EntityFramework.Shared\WebBase.IDP.Admin.EntityFramework.Shared.csproj", "{6FBB4A30-BF1B-4629-A1D9-43257DC94DCE}"
EndProject
Project("{FAE04EC0-301F-11D3-BF4B-00C04F79EFBC}") = "WebBase.IDP.Admin.EntityFramework.MySql", "src\WebBase.IDP.Admin.EntityFramework.MySql\WebBase.IDP.Admin.EntityFramework.MySql.csproj", "{042E1D13-FED0-48CD-81FC-BAF3630D750C}"
EndProject
Project("{FAE04EC0-301F-11D3-BF4B-00C04F79EFBC}") = "WebBase.IDP.Admin.EntityFramework.PostgreSQL", "src\WebBase.IDP.Admin.EntityFramework.PostgreSQL\WebBase.IDP.Admin.EntityFramework.PostgreSQL.csproj", "{D3C7C471-932B-46A9-BF3D-E8CCA1C6E997}"
EndProject
Project("{FAE04EC0-301F-11D3-BF4B-00C04F79EFBC}") = "WebBase.IDP.Admin.EntityFramework.SqlServer", "src\WebBase.IDP.Admin.EntityFramework.SqlServer\WebBase.IDP.Admin.EntityFramework.SqlServer.csproj", "{A183407F-03C2-4A3C-9552-E81470AA2972}"
EndProject
Project("{FAE04EC0-301F-11D3-BF4B-00C04F79EFBC}") = "WebBase.IDP.Shared", "src\WebBase.IDP.Shared\WebBase.IDP.Shared.csproj", "{CE372C63-4102-4292-908B-188DC5E3B9AB}"
EndProject
Global
	GlobalSection(SolutionConfigurationPlatforms) = preSolution
		Debug|Any CPU = Debug|Any CPU
		Debug|x64 = Debug|x64
		Debug|x86 = Debug|x86
		Release|Any CPU = Release|Any CPU
		Release|x64 = Release|x64
		Release|x86 = Release|x86
	EndGlobalSection
	GlobalSection(ProjectConfigurationPlatforms) = postSolution
		{F817047F-018D-4F93-BDA5-58602073B634}.Debug|Any CPU.ActiveCfg = Debug|Any CPU
		{F817047F-018D-4F93-BDA5-58602073B634}.Debug|Any CPU.Build.0 = Debug|Any CPU
		{F817047F-018D-4F93-BDA5-58602073B634}.Debug|x64.ActiveCfg = Debug|Any CPU
		{F817047F-018D-4F93-BDA5-58602073B634}.Debug|x64.Build.0 = Debug|Any CPU
		{F817047F-018D-4F93-BDA5-58602073B634}.Debug|x86.ActiveCfg = Debug|Any CPU
		{F817047F-018D-4F93-BDA5-58602073B634}.Debug|x86.Build.0 = Debug|Any CPU
		{F817047F-018D-4F93-BDA5-58602073B634}.Release|Any CPU.ActiveCfg = Release|Any CPU
		{F817047F-018D-4F93-BDA5-58602073B634}.Release|Any CPU.Build.0 = Release|Any CPU
		{F817047F-018D-4F93-BDA5-58602073B634}.Release|x64.ActiveCfg = Release|Any CPU
		{F817047F-018D-4F93-BDA5-58602073B634}.Release|x64.Build.0 = Release|Any CPU
		{F817047F-018D-4F93-BDA5-58602073B634}.Release|x86.ActiveCfg = Release|Any CPU
		{F817047F-018D-4F93-BDA5-58602073B634}.Release|x86.Build.0 = Release|Any CPU
		{7D98292F-805B-4B9B-93FA-3AA3D8388D2A}.Debug|Any CPU.ActiveCfg = Debug|Any CPU
		{7D98292F-805B-4B9B-93FA-3AA3D8388D2A}.Debug|Any CPU.Build.0 = Debug|Any CPU
		{7D98292F-805B-4B9B-93FA-3AA3D8388D2A}.Debug|x64.ActiveCfg = Debug|Any CPU
		{7D98292F-805B-4B9B-93FA-3AA3D8388D2A}.Debug|x64.Build.0 = Debug|Any CPU
		{7D98292F-805B-4B9B-93FA-3AA3D8388D2A}.Debug|x86.ActiveCfg = Debug|Any CPU
		{7D98292F-805B-4B9B-93FA-3AA3D8388D2A}.Debug|x86.Build.0 = Debug|Any CPU
		{7D98292F-805B-4B9B-93FA-3AA3D8388D2A}.Release|Any CPU.ActiveCfg = Release|Any CPU
		{7D98292F-805B-4B9B-93FA-3AA3D8388D2A}.Release|Any CPU.Build.0 = Release|Any CPU
		{7D98292F-805B-4B9B-93FA-3AA3D8388D2A}.Release|x64.ActiveCfg = Release|Any CPU
		{7D98292F-805B-4B9B-93FA-3AA3D8388D2A}.Release|x64.Build.0 = Release|Any CPU
		{7D98292F-805B-4B9B-93FA-3AA3D8388D2A}.Release|x86.ActiveCfg = Release|Any CPU
		{7D98292F-805B-4B9B-93FA-3AA3D8388D2A}.Release|x86.Build.0 = Release|Any CPU
		{16DEB23F-F5C5-4675-978E-94D8FBE55D7D}.Debug|Any CPU.ActiveCfg = Debug|Any CPU
		{16DEB23F-F5C5-4675-978E-94D8FBE55D7D}.Debug|Any CPU.Build.0 = Debug|Any CPU
		{16DEB23F-F5C5-4675-978E-94D8FBE55D7D}.Debug|x64.ActiveCfg = Debug|Any CPU
		{16DEB23F-F5C5-4675-978E-94D8FBE55D7D}.Debug|x64.Build.0 = Debug|Any CPU
		{16DEB23F-F5C5-4675-978E-94D8FBE55D7D}.Debug|x86.ActiveCfg = Debug|Any CPU
		{16DEB23F-F5C5-4675-978E-94D8FBE55D7D}.Debug|x86.Build.0 = Debug|Any CPU
		{16DEB23F-F5C5-4675-978E-94D8FBE55D7D}.Release|Any CPU.ActiveCfg = Release|Any CPU
		{16DEB23F-F5C5-4675-978E-94D8FBE55D7D}.Release|Any CPU.Build.0 = Release|Any CPU
		{16DEB23F-F5C5-4675-978E-94D8FBE55D7D}.Release|x64.ActiveCfg = Release|Any CPU
		{16DEB23F-F5C5-4675-978E-94D8FBE55D7D}.Release|x64.Build.0 = Release|Any CPU
		{16DEB23F-F5C5-4675-978E-94D8FBE55D7D}.Release|x86.ActiveCfg = Release|Any CPU
		{16DEB23F-F5C5-4675-978E-94D8FBE55D7D}.Release|x86.Build.0 = Release|Any CPU
		{4F153119-EA0B-4698-8B9B-6A2BC4E922A7}.Debug|Any CPU.ActiveCfg = Debug|Any CPU
		{4F153119-EA0B-4698-8B9B-6A2BC4E922A7}.Debug|Any CPU.Build.0 = Debug|Any CPU
		{4F153119-EA0B-4698-8B9B-6A2BC4E922A7}.Debug|x64.ActiveCfg = Debug|Any CPU
		{4F153119-EA0B-4698-8B9B-6A2BC4E922A7}.Debug|x64.Build.0 = Debug|Any CPU
		{4F153119-EA0B-4698-8B9B-6A2BC4E922A7}.Debug|x86.ActiveCfg = Debug|Any CPU
		{4F153119-EA0B-4698-8B9B-6A2BC4E922A7}.Debug|x86.Build.0 = Debug|Any CPU
		{4F153119-EA0B-4698-8B9B-6A2BC4E922A7}.Release|Any CPU.ActiveCfg = Release|Any CPU
		{4F153119-EA0B-4698-8B9B-6A2BC4E922A7}.Release|Any CPU.Build.0 = Release|Any CPU
		{4F153119-EA0B-4698-8B9B-6A2BC4E922A7}.Release|x64.ActiveCfg = Release|Any CPU
		{4F153119-EA0B-4698-8B9B-6A2BC4E922A7}.Release|x64.Build.0 = Release|Any CPU
		{4F153119-EA0B-4698-8B9B-6A2BC4E922A7}.Release|x86.ActiveCfg = Release|Any CPU
		{4F153119-EA0B-4698-8B9B-6A2BC4E922A7}.Release|x86.Build.0 = Release|Any CPU
		{6FBB4A30-BF1B-4629-A1D9-43257DC94DCE}.Debug|Any CPU.ActiveCfg = Debug|Any CPU
		{6FBB4A30-BF1B-4629-A1D9-43257DC94DCE}.Debug|Any CPU.Build.0 = Debug|Any CPU
		{6FBB4A30-BF1B-4629-A1D9-43257DC94DCE}.Debug|x64.ActiveCfg = Debug|Any CPU
		{6FBB4A30-BF1B-4629-A1D9-43257DC94DCE}.Debug|x64.Build.0 = Debug|Any CPU
		{6FBB4A30-BF1B-4629-A1D9-43257DC94DCE}.Debug|x86.ActiveCfg = Debug|Any CPU
		{6FBB4A30-BF1B-4629-A1D9-43257DC94DCE}.Debug|x86.Build.0 = Debug|Any CPU
		{6FBB4A30-BF1B-4629-A1D9-43257DC94DCE}.Release|Any CPU.ActiveCfg = Release|Any CPU
		{6FBB4A30-BF1B-4629-A1D9-43257DC94DCE}.Release|Any CPU.Build.0 = Release|Any CPU
		{6FBB4A30-BF1B-4629-A1D9-43257DC94DCE}.Release|x64.ActiveCfg = Release|Any CPU
		{6FBB4A30-BF1B-4629-A1D9-43257DC94DCE}.Release|x64.Build.0 = Release|Any CPU
		{6FBB4A30-BF1B-4629-A1D9-43257DC94DCE}.Release|x86.ActiveCfg = Release|Any CPU
		{6FBB4A30-BF1B-4629-A1D9-43257DC94DCE}.Release|x86.Build.0 = Release|Any CPU
		{042E1D13-FED0-48CD-81FC-BAF3630D750C}.Debug|Any CPU.ActiveCfg = Debug|Any CPU
		{042E1D13-FED0-48CD-81FC-BAF3630D750C}.Debug|Any CPU.Build.0 = Debug|Any CPU
		{042E1D13-FED0-48CD-81FC-BAF3630D750C}.Debug|x64.ActiveCfg = Debug|Any CPU
		{042E1D13-FED0-48CD-81FC-BAF3630D750C}.Debug|x64.Build.0 = Debug|Any CPU
		{042E1D13-FED0-48CD-81FC-BAF3630D750C}.Debug|x86.ActiveCfg = Debug|Any CPU
		{042E1D13-FED0-48CD-81FC-BAF3630D750C}.Debug|x86.Build.0 = Debug|Any CPU
		{042E1D13-FED0-48CD-81FC-BAF3630D750C}.Release|Any CPU.ActiveCfg = Release|Any CPU
		{042E1D13-FED0-48CD-81FC-BAF3630D750C}.Release|Any CPU.Build.0 = Release|Any CPU
		{042E1D13-FED0-48CD-81FC-BAF3630D750C}.Release|x64.ActiveCfg = Release|Any CPU
		{042E1D13-FED0-48CD-81FC-BAF3630D750C}.Release|x64.Build.0 = Release|Any CPU
		{042E1D13-FED0-48CD-81FC-BAF3630D750C}.Release|x86.ActiveCfg = Release|Any CPU
		{042E1D13-FED0-48CD-81FC-BAF3630D750C}.Release|x86.Build.0 = Release|Any CPU
		{D3C7C471-932B-46A9-BF3D-E8CCA1C6E997}.Debug|Any CPU.ActiveCfg = Debug|Any CPU
		{D3C7C471-932B-46A9-BF3D-E8CCA1C6E997}.Debug|Any CPU.Build.0 = Debug|Any CPU
		{D3C7C471-932B-46A9-BF3D-E8CCA1C6E997}.Debug|x64.ActiveCfg = Debug|Any CPU
		{D3C7C471-932B-46A9-BF3D-E8CCA1C6E997}.Debug|x64.Build.0 = Debug|Any CPU
		{D3C7C471-932B-46A9-BF3D-E8CCA1C6E997}.Debug|x86.ActiveCfg = Debug|Any CPU
		{D3C7C471-932B-46A9-BF3D-E8CCA1C6E997}.Debug|x86.Build.0 = Debug|Any CPU
		{D3C7C471-932B-46A9-BF3D-E8CCA1C6E997}.Release|Any CPU.ActiveCfg = Release|Any CPU
		{D3C7C471-932B-46A9-BF3D-E8CCA1C6E997}.Release|Any CPU.Build.0 = Release|Any CPU
		{D3C7C471-932B-46A9-BF3D-E8CCA1C6E997}.Release|x64.ActiveCfg = Release|Any CPU
		{D3C7C471-932B-46A9-BF3D-E8CCA1C6E997}.Release|x64.Build.0 = Release|Any CPU
		{D3C7C471-932B-46A9-BF3D-E8CCA1C6E997}.Release|x86.ActiveCfg = Release|Any CPU
		{D3C7C471-932B-46A9-BF3D-E8CCA1C6E997}.Release|x86.Build.0 = Release|Any CPU
		{A183407F-03C2-4A3C-9552-E81470AA2972}.Debug|Any CPU.ActiveCfg = Debug|Any CPU
		{A183407F-03C2-4A3C-9552-E81470AA2972}.Debug|Any CPU.Build.0 = Debug|Any CPU
		{A183407F-03C2-4A3C-9552-E81470AA2972}.Debug|x64.ActiveCfg = Debug|Any CPU
		{A183407F-03C2-4A3C-9552-E81470AA2972}.Debug|x64.Build.0 = Debug|Any CPU
		{A183407F-03C2-4A3C-9552-E81470AA2972}.Debug|x86.ActiveCfg = Debug|Any CPU
		{A183407F-03C2-4A3C-9552-E81470AA2972}.Debug|x86.Build.0 = Debug|Any CPU
		{A183407F-03C2-4A3C-9552-E81470AA2972}.Release|Any CPU.ActiveCfg = Release|Any CPU
		{A183407F-03C2-4A3C-9552-E81470AA2972}.Release|Any CPU.Build.0 = Release|Any CPU
		{A183407F-03C2-4A3C-9552-E81470AA2972}.Release|x64.ActiveCfg = Release|Any CPU
		{A183407F-03C2-4A3C-9552-E81470AA2972}.Release|x64.Build.0 = Release|Any CPU
		{A183407F-03C2-4A3C-9552-E81470AA2972}.Release|x86.ActiveCfg = Release|Any CPU
		{A183407F-03C2-4A3C-9552-E81470AA2972}.Release|x86.Build.0 = Release|Any CPU
		{CE372C63-4102-4292-908B-188DC5E3B9AB}.Debug|Any CPU.ActiveCfg = Debug|Any CPU
		{CE372C63-4102-4292-908B-188DC5E3B9AB}.Debug|Any CPU.Build.0 = Debug|Any CPU
		{CE372C63-4102-4292-908B-188DC5E3B9AB}.Debug|x64.ActiveCfg = Debug|Any CPU
		{CE372C63-4102-4292-908B-188DC5E3B9AB}.Debug|x64.Build.0 = Debug|Any CPU
		{CE372C63-4102-4292-908B-188DC5E3B9AB}.Debug|x86.ActiveCfg = Debug|Any CPU
		{CE372C63-4102-4292-908B-188DC5E3B9AB}.Debug|x86.Build.0 = Debug|Any CPU
		{CE372C63-4102-4292-908B-188DC5E3B9AB}.Release|Any CPU.ActiveCfg = Release|Any CPU
		{CE372C63-4102-4292-908B-188DC5E3B9AB}.Release|Any CPU.Build.0 = Release|Any CPU
		{CE372C63-4102-4292-908B-188DC5E3B9AB}.Release|x64.ActiveCfg = Release|Any CPU
		{CE372C63-4102-4292-908B-188DC5E3B9AB}.Release|x64.Build.0 = Release|Any CPU
		{CE372C63-4102-4292-908B-188DC5E3B9AB}.Release|x86.ActiveCfg = Release|Any CPU
		{CE372C63-4102-4292-908B-188DC5E3B9AB}.Release|x86.Build.0 = Release|Any CPU
	EndGlobalSection
	GlobalSection(SolutionProperties) = preSolution
		HideSolutionNode = FALSE
	EndGlobalSection
	GlobalSection(ExtensibilityGlobals) = postSolution
		SolutionGuid = {549F6BA2-7BF0-4104-9088-47D242078F31}
	EndGlobalSection
	GlobalSection(NestedProjects) = preSolution
		{7D98292F-805B-4B9B-93FA-3AA3D8388D2A} = {DB2F366D-18B6-4FCC-A28A-92D0268920BD}
		{16DEB23F-F5C5-4675-978E-94D8FBE55D7D} = {DB2F366D-18B6-4FCC-A28A-92D0268920BD}
		{4F153119-EA0B-4698-8B9B-6A2BC4E922A7} = {DB2F366D-18B6-4FCC-A28A-92D0268920BD}
		{6FBB4A30-BF1B-4629-A1D9-43257DC94DCE} = {DB2F366D-18B6-4FCC-A28A-92D0268920BD}
		{042E1D13-FED0-48CD-81FC-BAF3630D750C} = {DB2F366D-18B6-4FCC-A28A-92D0268920BD}
		{D3C7C471-932B-46A9-BF3D-E8CCA1C6E997} = {DB2F366D-18B6-4FCC-A28A-92D0268920BD}
		{A183407F-03C2-4A3C-9552-E81470AA2972} = {DB2F366D-18B6-4FCC-A28A-92D0268920BD}
		{CE372C63-4102-4292-908B-188DC5E3B9AB} = {DB2F366D-18B6-4FCC-A28A-92D0268920BD}
	EndGlobalSection
EndGlobal
