
Microsoft Visual Studio Solution File, Format Version 12.00
# Visual Studio Version 16
VisualStudioVersion = 16.0.29424.173
MinimumVisualStudioVersion = 15.0.26124.0
Project("{E53339B2-1760-4266-BCC7-CA923CBCF16C}") = "docker-compose", "docker-compose.dcproj", "{F817047F-018D-4F93-BDA5-58602073B634}"
EndProject
Project("{2150E333-8FDC-42A3-9474-1A3956D46DE8}") = "src", "src", "{4F042A0C-561D-455D-9BE3-A97328F19C18}"
EndProject
Project("{FAE04EC0-301F-11D3-BF4B-00C04F79EFBC}") = "WebBase.IDP.Admin", "src\WebBase.IDP.Admin\WebBase.IDP.Admin.csproj", "{50EFEC06-EDE3-481A-B63B-6FD343BAE861}"
EndProject
Project("{FAE04EC0-301F-11D3-BF4B-00C04F79EFBC}") = "WebBase.IDP.STS.Identity", "src\WebBase.IDP.STS.Identity\WebBase.IDP.STS.Identity.csproj", "{F64A8ED1-BB26-4317-86AF-8DF5040B37D4}"
EndProject
Project("{FAE04EC0-301F-11D3-BF4B-00C04F79EFBC}") = "WebBase.IDP.Admin.Api", "src\WebBase.IDP.Admin.Api\WebBase.IDP.Admin.Api.csproj", "{94C253D1-156F-4786-BA62-4D00D012242E}"
EndProject
Project("{FAE04EC0-301F-11D3-BF4B-00C04F79EFBC}") = "WebBase.IDP.Admin.EntityFramework.Shared", "src\WebBase.IDP.Admin.EntityFramework.Shared\WebBase.IDP.Admin.EntityFramework.Shared.csproj", "{676E111F-6EA9-4F70-A1FC-A36AD24AD452}"
EndProject
Project("{FAE04EC0-301F-11D3-BF4B-00C04F79EFBC}") = "WebBase.IDP.Admin.EntityFramework.MySql", "src\WebBase.IDP.Admin.EntityFramework.MySql\WebBase.IDP.Admin.EntityFramework.MySql.csproj", "{ED5616F6-BC45-4962-B751-B4FB62193C36}"
EndProject
Project("{FAE04EC0-301F-11D3-BF4B-00C04F79EFBC}") = "WebBase.IDP.Admin.EntityFramework.PostgreSQL", "src\WebBase.IDP.Admin.EntityFramework.PostgreSQL\WebBase.IDP.Admin.EntityFramework.PostgreSQL.csproj", "{7DFC8AE3-1F67-4D68-B75F-9F8EF9243AE3}"
EndProject
Project("{FAE04EC0-301F-11D3-BF4B-00C04F79EFBC}") = "WebBase.IDP.Admin.EntityFramework.SqlServer", "src\WebBase.IDP.Admin.EntityFramework.SqlServer\WebBase.IDP.Admin.EntityFramework.SqlServer.csproj", "{AE0F3B79-3767-4584-A667-269BB07A7127}"
EndProject
Project("{FAE04EC0-301F-11D3-BF4B-00C04F79EFBC}") = "WebBase.IDP.Shared", "src\WebBase.IDP.Shared\WebBase.IDP.Shared.csproj", "{5ABA2D9C-F454-4082-9912-C26E366B064F}"
EndProject
Global
	GlobalSection(SolutionConfigurationPlatforms) = preSolution
		Debug|Any CPU = Debug|Any CPU
		Debug|x64 = Debug|x64
		Debug|x86 = Debug|x86
		Release|Any CPU = Release|Any CPU
		Release|x64 = Release|x64
		Release|x86 = Release|x86
	EndGlobalSection
	GlobalSection(ProjectConfigurationPlatforms) = postSolution
		{F817047F-018D-4F93-BDA5-58602073B634}.Debug|Any CPU.ActiveCfg = Debug|Any CPU
		{F817047F-018D-4F93-BDA5-58602073B634}.Debug|Any CPU.Build.0 = Debug|Any CPU
		{F817047F-018D-4F93-BDA5-58602073B634}.Debug|x64.ActiveCfg = Debug|Any CPU
		{F817047F-018D-4F93-BDA5-58602073B634}.Debug|x64.Build.0 = Debug|Any CPU
		{F817047F-018D-4F93-BDA5-58602073B634}.Debug|x86.ActiveCfg = Debug|Any CPU
		{F817047F-018D-4F93-BDA5-58602073B634}.Debug|x86.Build.0 = Debug|Any CPU
		{F817047F-018D-4F93-BDA5-58602073B634}.Release|Any CPU.ActiveCfg = Release|Any CPU
		{F817047F-018D-4F93-BDA5-58602073B634}.Release|Any CPU.Build.0 = Release|Any CPU
		{F817047F-018D-4F93-BDA5-58602073B634}.Release|x64.ActiveCfg = Release|Any CPU
		{F817047F-018D-4F93-BDA5-58602073B634}.Release|x64.Build.0 = Release|Any CPU
		{F817047F-018D-4F93-BDA5-58602073B634}.Release|x86.ActiveCfg = Release|Any CPU
		{F817047F-018D-4F93-BDA5-58602073B634}.Release|x86.Build.0 = Release|Any CPU
		{50EFEC06-EDE3-481A-B63B-6FD343BAE861}.Debug|Any CPU.ActiveCfg = Debug|Any CPU
		{50EFEC06-EDE3-481A-B63B-6FD343BAE861}.Debug|Any CPU.Build.0 = Debug|Any CPU
		{50EFEC06-EDE3-481A-B63B-6FD343BAE861}.Debug|x64.ActiveCfg = Debug|Any CPU
		{50EFEC06-EDE3-481A-B63B-6FD343BAE861}.Debug|x64.Build.0 = Debug|Any CPU
		{50EFEC06-EDE3-481A-B63B-6FD343BAE861}.Debug|x86.ActiveCfg = Debug|Any CPU
		{50EFEC06-EDE3-481A-B63B-6FD343BAE861}.Debug|x86.Build.0 = Debug|Any CPU
		{50EFEC06-EDE3-481A-B63B-6FD343BAE861}.Release|Any CPU.ActiveCfg = Release|Any CPU
		{50EFEC06-EDE3-481A-B63B-6FD343BAE861}.Release|Any CPU.Build.0 = Release|Any CPU
		{50EFEC06-EDE3-481A-B63B-6FD343BAE861}.Release|x64.ActiveCfg = Release|Any CPU
		{50EFEC06-EDE3-481A-B63B-6FD343BAE861}.Release|x64.Build.0 = Release|Any CPU
		{50EFEC06-EDE3-481A-B63B-6FD343BAE861}.Release|x86.ActiveCfg = Release|Any CPU
		{50EFEC06-EDE3-481A-B63B-6FD343BAE861}.Release|x86.Build.0 = Release|Any CPU
		{F64A8ED1-BB26-4317-86AF-8DF5040B37D4}.Debug|Any CPU.ActiveCfg = Debug|Any CPU
		{F64A8ED1-BB26-4317-86AF-8DF5040B37D4}.Debug|Any CPU.Build.0 = Debug|Any CPU
		{F64A8ED1-BB26-4317-86AF-8DF5040B37D4}.Debug|x64.ActiveCfg = Debug|Any CPU
		{F64A8ED1-BB26-4317-86AF-8DF5040B37D4}.Debug|x64.Build.0 = Debug|Any CPU
		{F64A8ED1-BB26-4317-86AF-8DF5040B37D4}.Debug|x86.ActiveCfg = Debug|Any CPU
		{F64A8ED1-BB26-4317-86AF-8DF5040B37D4}.Debug|x86.Build.0 = Debug|Any CPU
		{F64A8ED1-BB26-4317-86AF-8DF5040B37D4}.Release|Any CPU.ActiveCfg = Release|Any CPU
		{F64A8ED1-BB26-4317-86AF-8DF5040B37D4}.Release|Any CPU.Build.0 = Release|Any CPU
		{F64A8ED1-BB26-4317-86AF-8DF5040B37D4}.Release|x64.ActiveCfg = Release|Any CPU
		{F64A8ED1-BB26-4317-86AF-8DF5040B37D4}.Release|x64.Build.0 = Release|Any CPU
		{F64A8ED1-BB26-4317-86AF-8DF5040B37D4}.Release|x86.ActiveCfg = Release|Any CPU
		{F64A8ED1-BB26-4317-86AF-8DF5040B37D4}.Release|x86.Build.0 = Release|Any CPU
		{94C253D1-156F-4786-BA62-4D00D012242E}.Debug|Any CPU.ActiveCfg = Debug|Any CPU
		{94C253D1-156F-4786-BA62-4D00D012242E}.Debug|Any CPU.Build.0 = Debug|Any CPU
		{94C253D1-156F-4786-BA62-4D00D012242E}.Debug|x64.ActiveCfg = Debug|Any CPU
		{94C253D1-156F-4786-BA62-4D00D012242E}.Debug|x64.Build.0 = Debug|Any CPU
		{94C253D1-156F-4786-BA62-4D00D012242E}.Debug|x86.ActiveCfg = Debug|Any CPU
		{94C253D1-156F-4786-BA62-4D00D012242E}.Debug|x86.Build.0 = Debug|Any CPU
		{94C253D1-156F-4786-BA62-4D00D012242E}.Release|Any CPU.ActiveCfg = Release|Any CPU
		{94C253D1-156F-4786-BA62-4D00D012242E}.Release|Any CPU.Build.0 = Release|Any CPU
		{94C253D1-156F-4786-BA62-4D00D012242E}.Release|x64.ActiveCfg = Release|Any CPU
		{94C253D1-156F-4786-BA62-4D00D012242E}.Release|x64.Build.0 = Release|Any CPU
		{94C253D1-156F-4786-BA62-4D00D012242E}.Release|x86.ActiveCfg = Release|Any CPU
		{94C253D1-156F-4786-BA62-4D00D012242E}.Release|x86.Build.0 = Release|Any CPU
		{676E111F-6EA9-4F70-A1FC-A36AD24AD452}.Debug|Any CPU.ActiveCfg = Debug|Any CPU
		{676E111F-6EA9-4F70-A1FC-A36AD24AD452}.Debug|Any CPU.Build.0 = Debug|Any CPU
		{676E111F-6EA9-4F70-A1FC-A36AD24AD452}.Debug|x64.ActiveCfg = Debug|Any CPU
		{676E111F-6EA9-4F70-A1FC-A36AD24AD452}.Debug|x64.Build.0 = Debug|Any CPU
		{676E111F-6EA9-4F70-A1FC-A36AD24AD452}.Debug|x86.ActiveCfg = Debug|Any CPU
		{676E111F-6EA9-4F70-A1FC-A36AD24AD452}.Debug|x86.Build.0 = Debug|Any CPU
		{676E111F-6EA9-4F70-A1FC-A36AD24AD452}.Release|Any CPU.ActiveCfg = Release|Any CPU
		{676E111F-6EA9-4F70-A1FC-A36AD24AD452}.Release|Any CPU.Build.0 = Release|Any CPU
		{676E111F-6EA9-4F70-A1FC-A36AD24AD452}.Release|x64.ActiveCfg = Release|Any CPU
		{676E111F-6EA9-4F70-A1FC-A36AD24AD452}.Release|x64.Build.0 = Release|Any CPU
		{676E111F-6EA9-4F70-A1FC-A36AD24AD452}.Release|x86.ActiveCfg = Release|Any CPU
		{676E111F-6EA9-4F70-A1FC-A36AD24AD452}.Release|x86.Build.0 = Release|Any CPU
		{ED5616F6-BC45-4962-B751-B4FB62193C36}.Debug|Any CPU.ActiveCfg = Debug|Any CPU
		{ED5616F6-BC45-4962-B751-B4FB62193C36}.Debug|Any CPU.Build.0 = Debug|Any CPU
		{ED5616F6-BC45-4962-B751-B4FB62193C36}.Debug|x64.ActiveCfg = Debug|Any CPU
		{ED5616F6-BC45-4962-B751-B4FB62193C36}.Debug|x64.Build.0 = Debug|Any CPU
		{ED5616F6-BC45-4962-B751-B4FB62193C36}.Debug|x86.ActiveCfg = Debug|Any CPU
		{ED5616F6-BC45-4962-B751-B4FB62193C36}.Debug|x86.Build.0 = Debug|Any CPU
		{ED5616F6-BC45-4962-B751-B4FB62193C36}.Release|Any CPU.ActiveCfg = Release|Any CPU
		{ED5616F6-BC45-4962-B751-B4FB62193C36}.Release|Any CPU.Build.0 = Release|Any CPU
		{ED5616F6-BC45-4962-B751-B4FB62193C36}.Release|x64.ActiveCfg = Release|Any CPU
		{ED5616F6-BC45-4962-B751-B4FB62193C36}.Release|x64.Build.0 = Release|Any CPU
		{ED5616F6-BC45-4962-B751-B4FB62193C36}.Release|x86.ActiveCfg = Release|Any CPU
		{ED5616F6-BC45-4962-B751-B4FB62193C36}.Release|x86.Build.0 = Release|Any CPU
		{7DFC8AE3-1F67-4D68-B75F-9F8EF9243AE3}.Debug|Any CPU.ActiveCfg = Debug|Any CPU
		{7DFC8AE3-1F67-4D68-B75F-9F8EF9243AE3}.Debug|Any CPU.Build.0 = Debug|Any CPU
		{7DFC8AE3-1F67-4D68-B75F-9F8EF9243AE3}.Debug|x64.ActiveCfg = Debug|Any CPU
		{7DFC8AE3-1F67-4D68-B75F-9F8EF9243AE3}.Debug|x64.Build.0 = Debug|Any CPU
		{7DFC8AE3-1F67-4D68-B75F-9F8EF9243AE3}.Debug|x86.ActiveCfg = Debug|Any CPU
		{7DFC8AE3-1F67-4D68-B75F-9F8EF9243AE3}.Debug|x86.Build.0 = Debug|Any CPU
		{7DFC8AE3-1F67-4D68-B75F-9F8EF9243AE3}.Release|Any CPU.ActiveCfg = Release|Any CPU
		{7DFC8AE3-1F67-4D68-B75F-9F8EF9243AE3}.Release|Any CPU.Build.0 = Release|Any CPU
		{7DFC8AE3-1F67-4D68-B75F-9F8EF9243AE3}.Release|x64.ActiveCfg = Release|Any CPU
		{7DFC8AE3-1F67-4D68-B75F-9F8EF9243AE3}.Release|x64.Build.0 = Release|Any CPU
		{7DFC8AE3-1F67-4D68-B75F-9F8EF9243AE3}.Release|x86.ActiveCfg = Release|Any CPU
		{7DFC8AE3-1F67-4D68-B75F-9F8EF9243AE3}.Release|x86.Build.0 = Release|Any CPU
		{AE0F3B79-3767-4584-A667-269BB07A7127}.Debug|Any CPU.ActiveCfg = Debug|Any CPU
		{AE0F3B79-3767-4584-A667-269BB07A7127}.Debug|Any CPU.Build.0 = Debug|Any CPU
		{AE0F3B79-3767-4584-A667-269BB07A7127}.Debug|x64.ActiveCfg = Debug|Any CPU
		{AE0F3B79-3767-4584-A667-269BB07A7127}.Debug|x64.Build.0 = Debug|Any CPU
		{AE0F3B79-3767-4584-A667-269BB07A7127}.Debug|x86.ActiveCfg = Debug|Any CPU
		{AE0F3B79-3767-4584-A667-269BB07A7127}.Debug|x86.Build.0 = Debug|Any CPU
		{AE0F3B79-3767-4584-A667-269BB07A7127}.Release|Any CPU.ActiveCfg = Release|Any CPU
		{AE0F3B79-3767-4584-A667-269BB07A7127}.Release|Any CPU.Build.0 = Release|Any CPU
		{AE0F3B79-3767-4584-A667-269BB07A7127}.Release|x64.ActiveCfg = Release|Any CPU
		{AE0F3B79-3767-4584-A667-269BB07A7127}.Release|x64.Build.0 = Release|Any CPU
		{AE0F3B79-3767-4584-A667-269BB07A7127}.Release|x86.ActiveCfg = Release|Any CPU
		{AE0F3B79-3767-4584-A667-269BB07A7127}.Release|x86.Build.0 = Release|Any CPU
		{5ABA2D9C-F454-4082-9912-C26E366B064F}.Debug|Any CPU.ActiveCfg = Debug|Any CPU
		{5ABA2D9C-F454-4082-9912-C26E366B064F}.Debug|Any CPU.Build.0 = Debug|Any CPU
		{5ABA2D9C-F454-4082-9912-C26E366B064F}.Debug|x64.ActiveCfg = Debug|Any CPU
		{5ABA2D9C-F454-4082-9912-C26E366B064F}.Debug|x64.Build.0 = Debug|Any CPU
		{5ABA2D9C-F454-4082-9912-C26E366B064F}.Debug|x86.ActiveCfg = Debug|Any CPU
		{5ABA2D9C-F454-4082-9912-C26E366B064F}.Debug|x86.Build.0 = Debug|Any CPU
		{5ABA2D9C-F454-4082-9912-C26E366B064F}.Release|Any CPU.ActiveCfg = Release|Any CPU
		{5ABA2D9C-F454-4082-9912-C26E366B064F}.Release|Any CPU.Build.0 = Release|Any CPU
		{5ABA2D9C-F454-4082-9912-C26E366B064F}.Release|x64.ActiveCfg = Release|Any CPU
		{5ABA2D9C-F454-4082-9912-C26E366B064F}.Release|x64.Build.0 = Release|Any CPU
		{5ABA2D9C-F454-4082-9912-C26E366B064F}.Release|x86.ActiveCfg = Release|Any CPU
		{5ABA2D9C-F454-4082-9912-C26E366B064F}.Release|x86.Build.0 = Release|Any CPU
	EndGlobalSection
	GlobalSection(SolutionProperties) = preSolution
		HideSolutionNode = FALSE
	EndGlobalSection
	GlobalSection(ExtensibilityGlobals) = postSolution
		SolutionGuid = {549F6BA2-7BF0-4104-9088-47D242078F31}
	EndGlobalSection
	GlobalSection(NestedProjects) = preSolution
		{50EFEC06-EDE3-481A-B63B-6FD343BAE861} = {4F042A0C-561D-455D-9BE3-A97328F19C18}
		{F64A8ED1-BB26-4317-86AF-8DF5040B37D4} = {4F042A0C-561D-455D-9BE3-A97328F19C18}
		{94C253D1-156F-4786-BA62-4D00D012242E} = {4F042A0C-561D-455D-9BE3-A97328F19C18}
		{676E111F-6EA9-4F70-A1FC-A36AD24AD452} = {4F042A0C-561D-455D-9BE3-A97328F19C18}
		{ED5616F6-BC45-4962-B751-B4FB62193C36} = {4F042A0C-561D-455D-9BE3-A97328F19C18}
		{7DFC8AE3-1F67-4D68-B75F-9F8EF9243AE3} = {4F042A0C-561D-455D-9BE3-A97328F19C18}
		{AE0F3B79-3767-4584-A667-269BB07A7127} = {4F042A0C-561D-455D-9BE3-A97328F19C18}
		{5ABA2D9C-F454-4082-9912-C26E366B064F} = {4F042A0C-561D-455D-9BE3-A97328F19C18}
	EndGlobalSection
EndGlobal
